
Microsoft Visual Studio Solution File, Format Version 12.00
# Visual Studio Version 17
VisualStudioVersion = 17.9.34723.18
MinimumVisualStudioVersion = 10.0.40219.1
Project("{F184B08F-C81C-45F6-A57F-5ABD9991F28F}") = "mathapp1", "mathapp1\mathapp1.vbproj", "{2E250B23-CB0F-41CB-B9FC-16297B2E516A}"
EndProject
Global
	GlobalSection(SolutionConfigurationPlatforms) = preSolution
		Debug|Any CPU = Debug|Any CPU
		Release|Any CPU = Release|Any CPU
	EndGlobalSection
	GlobalSection(ProjectConfigurationPlatforms) = postSolution
		{2E250B23-CB0F-41CB-B9FC-16297B2E516A}.Debug|Any CPU.ActiveCfg = Debug|Any CPU
		{2E250B23-CB0F-41CB-B9FC-16297B2E516A}.Debug|Any CPU.Build.0 = Debug|Any CPU
		{2E250B23-CB0F-41CB-B9FC-16297B2E516A}.Release|Any CPU.ActiveCfg = Release|Any CPU
		{2E250B23-CB0F-41CB-B9FC-16297B2E516A}.Release|Any CPU.Build.0 = Release|Any CPU
	EndGlobalSection
	GlobalSection(SolutionProperties) = preSolution
		HideSolutionNode = FALSE
	EndGlobalSection
	GlobalSection(ExtensibilityGlobals) = postSolution
		SolutionGuid = {3E835074-6259-4193-8F86-10D6190E6800}
	EndGlobalSection
EndGlobal
